
Microsoft Visual Studio Solution File, Format Version 12.00
# Visual Studio Version 17
VisualStudioVersion = 17.14.36408.4 d17.14
MinimumVisualStudioVersion = 10.0.40219.1
Project("{FAE04EC0-301F-11D3-BF4B-00C04F79EFBC}") = "KitchenFires", "KitchenFires.csproj", "{AC94BDCC-DF2B-4A98-9F3C-104A8D372979}"
EndProject
Project("{2150E333-8FDC-42A3-9474-1A3956D46DE8}") = "Solution Items", "Solution Items", "{1B05AA71-964A-44FB-8FC2-A2F433D70B42}"
	ProjectSection(SolutionItems) = preProject
		..\About\About.xml = ..\About\About.xml
		..\LoadFolders.xml = ..\LoadFolders.xml
		..\About\Preview.png = ..\About\Preview.png
		..\README.md = ..\README.md
	EndProjectSection
EndProject
Global
	GlobalSection(SolutionConfigurationPlatforms) = preSolution
		Debug|Any CPU = Debug|Any CPU
		Release|Any CPU = Release|Any CPU
	EndGlobalSection
	GlobalSection(ProjectConfigurationPlatforms) = postSolution
		{AC94BDCC-DF2B-4A98-9F3C-104A8D372979}.Debug|Any CPU.ActiveCfg = Debug|Any CPU
		{AC94BDCC-DF2B-4A98-9F3C-104A8D372979}.Debug|Any CPU.Build.0 = Debug|Any CPU
		{AC94BDCC-DF2B-4A98-9F3C-104A8D372979}.Release|Any CPU.ActiveCfg = Release|Any CPU
		{AC94BDCC-DF2B-4A98-9F3C-104A8D372979}.Release|Any CPU.Build.0 = Release|Any CPU
	EndGlobalSection
	GlobalSection(SolutionProperties) = preSolution
		HideSolutionNode = FALSE
	EndGlobalSection
	GlobalSection(ExtensibilityGlobals) = postSolution
		SolutionGuid = {94ADB1E0-DA3B-45EE-A8E4-972703DBBB71}
	EndGlobalSection
EndGlobal
